{
  "name": "kafkanode",
  "version": "1.0.0",
  "lockfileVersion": 2,
  "requires": true,
  "packages": {
    "": {
      "name": "kafkanode",
      "version": "1.0.0",
      "license": "ISC",
      "dependencies": {
        "kafkajs": "^1.16.0"
      }
    },
    "node_modules/kafkajs": {
      "version": "1.16.0",
      "resolved": "https://registry.npmjs.org/kafkajs/-/kafkajs-1.16.0.tgz",
      "integrity": "sha512-+Rcfu2hyQ/jv5skqRY8xA7Ra+mmRkDAzCaLDYbkGtgsNKpzxPWiLbk8ub0dgr4EbWrN1Zb4BCXHUkD6+zYfdWg==",
      "engines": {
        "node": ">=10.13.0"
      }
    }
  },
  "dependencies": {
    "kafkajs": {
      "version": "1.16.0",
      "resolved": "https://registry.npmjs.org/kafkajs/-/kafkajs-1.16.0.tgz",
      "integrity": "sha512-+Rcfu2hyQ/jv5skqRY8xA7Ra+mmRkDAzCaLDYbkGtgsNKpzxPWiLbk8ub0dgr4EbWrN1Zb4BCXHUkD6+zYfdWg=="
    }
  }
}
